
Microsoft Visual Studio Solution File, Format Version 12.00
# Visual Studio Version 16
VisualStudioVersion = 16.0.29728.190
MinimumVisualStudioVersion = 10.0.40219.1
Project("{FAE04EC0-301F-11D3-BF4B-00C04F79EFBC}") = "ConsoleProgram", "ConsoleProgram.csproj", "{2C3749A9-32FD-44E2-AFE2-7A2CF39A5EE6}"
EndProject
Global
	GlobalSection(SolutionConfigurationPlatforms) = preSolution
		Debug|Any CPU = Debug|Any CPU
		Release|Any CPU = Release|Any CPU
	EndGlobalSection
	GlobalSection(ProjectConfigurationPlatforms) = postSolution
		{2C3749A9-32FD-44E2-AFE2-7A2CF39A5EE6}.Debug|Any CPU.ActiveCfg = Debug|Any CPU
		{2C3749A9-32FD-44E2-AFE2-7A2CF39A5EE6}.Debug|Any CPU.Build.0 = Debug|Any CPU
		{2C3749A9-32FD-44E2-AFE2-7A2CF39A5EE6}.Release|Any CPU.ActiveCfg = Release|Any CPU
		{2C3749A9-32FD-44E2-AFE2-7A2CF39A5EE6}.Release|Any CPU.Build.0 = Release|Any CPU
	EndGlobalSection
	GlobalSection(SolutionProperties) = preSolution
		HideSolutionNode = FALSE
	EndGlobalSection
	GlobalSection(ExtensibilityGlobals) = postSolution
		SolutionGuid = {06544431-A887-43CA-91F3-2F72B4A960C8}
	EndGlobalSection
EndGlobal
