
Microsoft Visual Studio Solution File, Format Version 12.00
# Visual Studio Version 16
VisualStudioVersion = 16.0.29728.190
MinimumVisualStudioVersion = 10.0.40219.1
Project("{FAE04EC0-301F-11D3-BF4B-00C04F79EFBC}") = "12-BecarioMart", "12-BecarioMart\12-BecarioMart.csproj", "{B3794228-91E7-4B83-937A-F4926D21013C}"
EndProject
Global
	GlobalSection(SolutionConfigurationPlatforms) = preSolution
		Debug|Any CPU = Debug|Any CPU
		Release|Any CPU = Release|Any CPU
	EndGlobalSection
	GlobalSection(ProjectConfigurationPlatforms) = postSolution
		{B3794228-91E7-4B83-937A-F4926D21013C}.Debug|Any CPU.ActiveCfg = Debug|Any CPU
		{B3794228-91E7-4B83-937A-F4926D21013C}.Debug|Any CPU.Build.0 = Debug|Any CPU
		{B3794228-91E7-4B83-937A-F4926D21013C}.Release|Any CPU.ActiveCfg = Release|Any CPU
		{B3794228-91E7-4B83-937A-F4926D21013C}.Release|Any CPU.Build.0 = Release|Any CPU
	EndGlobalSection
	GlobalSection(SolutionProperties) = preSolution
		HideSolutionNode = FALSE
	EndGlobalSection
	GlobalSection(ExtensibilityGlobals) = postSolution
		SolutionGuid = {388F149B-71A4-4187-8341-624FC72FAA05}
	EndGlobalSection
EndGlobal
