
Microsoft Visual Studio Solution File, Format Version 12.00
# Visual Studio Version 16
VisualStudioVersion = 16.0.29728.190
MinimumVisualStudioVersion = 10.0.40219.1
Project("{FAE04EC0-301F-11D3-BF4B-00C04F79EFBC}") = "01-NaturalSum", "01-NaturalSum\01-NaturalSum.csproj", "{308BF744-DB8E-4459-8E49-EFC53ECD612F}"
EndProject
Global
	GlobalSection(SolutionConfigurationPlatforms) = preSolution
		Debug|Any CPU = Debug|Any CPU
		Release|Any CPU = Release|Any CPU
	EndGlobalSection
	GlobalSection(ProjectConfigurationPlatforms) = postSolution
		{308BF744-DB8E-4459-8E49-EFC53ECD612F}.Debug|Any CPU.ActiveCfg = Debug|Any CPU
		{308BF744-DB8E-4459-8E49-EFC53ECD612F}.Debug|Any CPU.Build.0 = Debug|Any CPU
		{308BF744-DB8E-4459-8E49-EFC53ECD612F}.Release|Any CPU.ActiveCfg = Release|Any CPU
		{308BF744-DB8E-4459-8E49-EFC53ECD612F}.Release|Any CPU.Build.0 = Release|Any CPU
	EndGlobalSection
	GlobalSection(SolutionProperties) = preSolution
		HideSolutionNode = FALSE
	EndGlobalSection
	GlobalSection(ExtensibilityGlobals) = postSolution
		SolutionGuid = {844EE57E-6063-4A4D-865A-2D0E9783883F}
	EndGlobalSection
EndGlobal
